<?xml version="1.0" encoding="utf-8"?>
<Project ToolsVersion="4.0" xmlns="http://schemas.microsoft.com/developer/msbuild/2003">
  <ItemGroup>
    <ClCompile Include="Main.cpp" />
    <ClCompile Include="pch.cpp">
      <Filter>Base</Filter>
    </ClCompile>
    <ClCompile Include="Timer.cpp">
      <Filter>Utils</Filter>
    </ClCompile>
    <ClCompile Include="Assertion.cpp">
      <Filter>Base</Filter>
    </ClCompile>
    <ClCompile Include="Typedef.cpp">
      <Filter>Base</Filter>
    </ClCompile>
    <ClCompile Include="Ray.cpp">
      <Filter>Math</Filter>
    </ClCompile>
    <ClCompile Include="Vector.cpp">
      <Filter>Math</Filter>
    </ClCompile>
    <ClCompile Include="Profile.cpp">
      <Filter>Utils</Filter>
    </ClCompile>
    <ClCompile Include="Math.cpp">
      <Filter>Math</Filter>
    </ClCompile>
    <ClCompile Include="Image.cpp">
      <Filter>Utils</Filter>
    </ClCompile>
    <ClCompile Include="Random.cpp">
      <Filter>Math</Filter>
    </ClCompile>
    <ClCompile Include="RandomUtils.cpp">
      <Filter>Math</Filter>
    </ClCompile>
    <ClCompile Include="HittableList.cpp">
      <Filter>World\Object</Filter>
    </ClCompile>
    <ClCompile Include="IHittable.cpp">
      <Filter>World\Object</Filter>
    </ClCompile>
    <ClCompile Include="Sphere.cpp">
      <Filter>World\Object</Filter>
    </ClCompile>
    <ClCompile Include="Interval.cpp">
      <Filter>World\Render</Filter>
    </ClCompile>
    <ClCompile Include="Camera.cpp">
      <Filter>World\Render</Filter>
    </ClCompile>
    <ClCompile Include="Material.cpp">
      <Filter>World\Material</Filter>
    </ClCompile>
    <ClCompile Include="Lambertian.cpp">
      <Filter>World\Material</Filter>
    </ClCompile>
    <ClCompile Include="VectorUtils.cpp">
      <Filter>Math</Filter>
    </ClCompile>
    <ClCompile Include="Metal.cpp">
      <Filter>World\Material</Filter>
    </ClCompile>
    <ClCompile Include="Dielectric.cpp">
      <Filter>World\Material</Filter>
    </ClCompile>
  </ItemGroup>
  <ItemGroup>
    <None Include=".clang-format" />
  </ItemGroup>
  <ItemGroup>
    <Filter Include="Base">
      <UniqueIdentifier>{eaf0c77f-debd-46f7-b779-4febcee77db0}</UniqueIdentifier>
    </Filter>
    <Filter Include="Math">
      <UniqueIdentifier>{59790a0a-d206-4094-a45d-8fa66b7f6c78}</UniqueIdentifier>
    </Filter>
    <Filter Include="Utils">
      <UniqueIdentifier>{8bfcdcff-c37a-41d1-b5e6-691862877d96}</UniqueIdentifier>
    </Filter>
    <Filter Include="World">
      <UniqueIdentifier>{2012aaf9-ad09-453b-8ac7-fbedf920d49c}</UniqueIdentifier>
    </Filter>
    <Filter Include="World\Object">
      <UniqueIdentifier>{8f5b82a6-ea4d-49b5-8c5e-d3181d8b7f69}</UniqueIdentifier>
    </Filter>
    <Filter Include="World\Render">
      <UniqueIdentifier>{4d84e80f-2dd5-4a13-86b0-d92f3175ee18}</UniqueIdentifier>
    </Filter>
    <Filter Include="World\Material">
      <UniqueIdentifier>{be2349be-3e3c-4bd6-8496-1ee93b55465c}</UniqueIdentifier>
    </Filter>
  </ItemGroup>
  <ItemGroup>
    <ClInclude Include="pch.h">
      <Filter>Base</Filter>
    </ClInclude>
    <ClInclude Include="Timer.h">
      <Filter>Utils</Filter>
    </ClInclude>
    <ClInclude Include="Typedef.h">
      <Filter>Base</Filter>
    </ClInclude>
    <ClInclude Include="Assertion.h">
      <Filter>Base</Filter>
    </ClInclude>
    <ClInclude Include="Config.h">
      <Filter>Base</Filter>
    </ClInclude>
    <ClInclude Include="Vector.h">
      <Filter>Math</Filter>
    </ClInclude>
    <ClInclude Include="Ray.h">
      <Filter>Math</Filter>
    </ClInclude>
    <ClInclude Include="Profile.h">
      <Filter>Utils</Filter>
    </ClInclude>
    <ClInclude Include="Math.h">
      <Filter>Math</Filter>
    </ClInclude>
    <ClInclude Include="Image.h">
      <Filter>Utils</Filter>
    </ClInclude>
    <ClInclude Include="Random.h">
      <Filter>Math</Filter>
    </ClInclude>
    <ClInclude Include="RandomUtils.h">
      <Filter>Math</Filter>
    </ClInclude>
    <ClInclude Include="HittableList.h">
      <Filter>World\Object</Filter>
    </ClInclude>
    <ClInclude Include="IHittable.h">
      <Filter>World\Object</Filter>
    </ClInclude>
    <ClInclude Include="Sphere.h">
      <Filter>World\Object</Filter>
    </ClInclude>
    <ClInclude Include="Interval.h">
      <Filter>World\Render</Filter>
    </ClInclude>
    <ClInclude Include="Camera.h">
      <Filter>World\Render</Filter>
    </ClInclude>
    <ClInclude Include="Material.h">
      <Filter>World\Material</Filter>
    </ClInclude>
    <ClInclude Include="Lambertian.h">
      <Filter>World\Material</Filter>
    </ClInclude>
    <ClInclude Include="VectorUtils.h">
      <Filter>Math</Filter>
    </ClInclude>
    <ClInclude Include="Metal.h">
      <Filter>World\Material</Filter>
    </ClInclude>
    <ClInclude Include="Dielectric.h">
      <Filter>World\Material</Filter>
    </ClInclude>
  </ItemGroup>
</Project>